
Microsoft Visual Studio Solution File, Format Version 12.00
# Visual Studio Version 17
VisualStudioVersion = 17.8.34525.116
MinimumVisualStudioVersion = 10.0.40219.1
Project("{FAE04EC0-301F-11D3-BF4B-00C04F79EFBC}") = "MyFirstApi", "MyFirstApi.csproj", "{6B701DF5-A770-4237-8419-C24B759B364B}"
EndProject
Global
	GlobalSection(SolutionConfigurationPlatforms) = preSolution
		Debug|Any CPU = Debug|Any CPU
		Release|Any CPU = Release|Any CPU
	EndGlobalSection
	GlobalSection(ProjectConfigurationPlatforms) = postSolution
		{6B701DF5-A770-4237-8419-C24B759B364B}.Debug|Any CPU.ActiveCfg = Debug|Any CPU
		{6B701DF5-A770-4237-8419-C24B759B364B}.Debug|Any CPU.Build.0 = Debug|Any CPU
		{6B701DF5-A770-4237-8419-C24B759B364B}.Release|Any CPU.ActiveCfg = Release|Any CPU
		{6B701DF5-A770-4237-8419-C24B759B364B}.Release|Any CPU.Build.0 = Release|Any CPU
	EndGlobalSection
	GlobalSection(SolutionProperties) = preSolution
		HideSolutionNode = FALSE
	EndGlobalSection
	GlobalSection(ExtensibilityGlobals) = postSolution
		SolutionGuid = {48E6D48C-0873-4C79-BE33-CBE5BC8FF468}
	EndGlobalSection
EndGlobal
